
Microsoft Visual Studio Solution File, Format Version 12.00
# Visual Studio 15
VisualStudioVersion = 15.0.26430.14
MinimumVisualStudioVersion = 10.0.40219.1
Project("{2150E333-8FDC-42A3-9474-1A3956D46DE8}") = "ConnectionBroker", "ConnectionBroker", "{2B06A4D0-B9B7-4848-B127-A157E7094421}"
EndProject
Project("{2150E333-8FDC-42A3-9474-1A3956D46DE8}") = "HomeServer", "HomeServer", "{40E453E7-1FD0-4C57-A6DF-2365FC75FCC8}"
EndProject
Project("{2150E333-8FDC-42A3-9474-1A3956D46DE8}") = "Common", "Common", "{D14D255B-7AAD-45B1-8718-18B4BD38530D}"
EndProject
Project("{9A19103F-16F7-4668-BE54-9A1E7A4F7556}") = "IPROJ.ConnectionBroker.Autofac", "IPROJ.ConnectionBroker.Autofac\IPROJ.ConnectionBroker.Autofac.csproj", "{E2FA3A54-6650-481E-86D4-A706DFE8161F}"
EndProject
Project("{9A19103F-16F7-4668-BE54-9A1E7A4F7556}") = "IPROJ.Autofac", "IPROJ.Autofac\IPROJ.Autofac.csproj", "{D7765026-19F3-48CB-B0EB-525DC6BF5E4A}"
EndProject
Project("{9A19103F-16F7-4668-BE54-9A1E7A4F7556}") = "IPROJ.Configuration", "IPROJ.Configuration\IPROJ.Configuration.csproj", "{0D56BF3D-C9BA-4267-92AB-8DAA2A0978D7}"
EndProject
Project("{9A19103F-16F7-4668-BE54-9A1E7A4F7556}") = "IPROJ.QueueManager", "IPROJ.QueueManager\IPROJ.QueueManager.csproj", "{359DB0FB-CA2E-4A14-9B35-7CDD959AD352}"
EndProject
Project("{9A19103F-16F7-4668-BE54-9A1E7A4F7556}") = "IPROJ.HomeServer.Autofac", "IPROJ.HomeServer.Autofac\IPROJ.HomeServer.Autofac.csproj", "{219A2318-72A5-4090-A8A2-FA58FE198168}"
EndProject
Project("{9A19103F-16F7-4668-BE54-9A1E7A4F7556}") = "IPROJ.MSSQLRepository", "IPROJ.HomeServer.MSSQLRepository\IPROJ.MSSQLRepository.csproj", "{59A82572-D29A-42B1-83A3-2BDE08243704}"
EndProject
Project("{9A19103F-16F7-4668-BE54-9A1E7A4F7556}") = "IPROJ.Contracts", "IPROJ.Contracts\IPROJ.Contracts.csproj", "{54535BCA-1854-4F65-BC5E-6075FA07A5CD}"
EndProject
Project("{9A19103F-16F7-4668-BE54-9A1E7A4F7556}") = "IPROJ.MSSQLRepository.Tests", "IPROJ.HomeServer.MSSQLRespository.Tests\IPROJ.MSSQLRepository.Tests.csproj", "{F6F1431F-1033-4534-B9F9-57606CAF1223}"
EndProject
Project("{9A19103F-16F7-4668-BE54-9A1E7A4F7556}") = "IPROJ.HomeServer.WebApi", "IPROJ.HomeServer.WebApi\IPROJ.HomeServer.WebApi.csproj", "{2CC8F366-0FA5-406A-9AA8-C34FE5121CB2}"
EndProject
Project("{2150E333-8FDC-42A3-9474-1A3956D46DE8}") = "Tests", "Tests", "{ADB1DB5F-D872-4A64-9C5B-C5BC72B9D0C5}"
EndProject
Project("{9A19103F-16F7-4668-BE54-9A1E7A4F7556}") = "IPROJ.Contracts.Tests", "IPROJ.Contracts.Tests\IPROJ.Contracts.Tests.csproj", "{F187D83D-AB4D-4FA7-8027-C90FEE3198CD}"
EndProject
Project("{9A19103F-16F7-4668-BE54-9A1E7A4F7556}") = "IPROJ.ConnectionBroker.Devices", "IPROJ.ConnectionBroker.Devices\IPROJ.ConnectionBroker.Devices.csproj", "{3F82A165-F59E-43AF-9067-D059B4180AA0}"
EndProject
Project("{9092AA53-FB77-4645-B42D-1CCCA6BD08BD}") = "IPROJ.HomeServer.AdminClient", "IPROJ.HomeServer.AdminClient\IPROJ.HomeServer.AdminClient.njsproj", "{2B6CC8C6-9533-49A4-AFA3-2074E3A6A009}"
EndProject
Project("{9A19103F-16F7-4668-BE54-9A1E7A4F7556}") = "IPROJ.ConnectionBroker.Runner", "IPROJ.ConnectionBroker.Runner\IPROJ.ConnectionBroker.Runner.csproj", "{487BEF32-EADB-44A0-A75C-B33911B782DA}"
EndProject
Project("{9A19103F-16F7-4668-BE54-9A1E7A4F7556}") = "IPROJ.Runner", "IPROJ.Runner\IPROJ.Runner.csproj", "{61DC2E3B-3A72-49D4-98F4-EBBF8A5AB539}"
EndProject
Project("{9A19103F-16F7-4668-BE54-9A1E7A4F7556}") = "IPROJ.HomeServer.Runner", "IPROJ.HomeServer.Runner\IPROJ.HomeServer.Runner.csproj", "{46B3A644-F412-409D-AE6B-967481C10154}"
EndProject
Project("{9A19103F-16F7-4668-BE54-9A1E7A4F7556}") = "IPROJ.Diagnostics", "IPROJ.Diagnostics\IPROJ.Diagnostics.csproj", "{1654C0CB-58B9-42BF-A04A-C45E25A29238}"
EndProject
Project("{2150E333-8FDC-42A3-9474-1A3956D46DE8}") = "Autofac", "Autofac", "{D7A0F191-79A7-40CD-8E7D-0A9045C0AD5C}"
EndProject
Project("{9A19103F-16F7-4668-BE54-9A1E7A4F7556}") = "IPROJ.QueueManagerTests", "IPROJ.QueueManager.Tests\IPROJ.QueueManagerTests.csproj", "{9B2500FA-3181-41B7-A09B-6F29BD26DDF1}"
EndProject
Project("{9A19103F-16F7-4668-BE54-9A1E7A4F7556}") = "IPROJ.HomeServer.QueueManaging", "IPROJ.HomeServer.QueueManaging\IPROJ.HomeServer.QueueManaging.csproj", "{DB26AE4D-C96D-4FF7-9830-AC1BEB2D7274}"
EndProject
Project("{9A19103F-16F7-4668-BE54-9A1E7A4F7556}") = "IPROJ.HomeServer.QueueManaging.Tests", "IPROJ.HomeServer.QueueManaging.Tests\IPROJ.HomeServer.QueueManaging.Tests.csproj", "{B1FDA044-917E-409C-89E4-6FCBCFF1A5DC}"
EndProject
Project("{9A19103F-16F7-4668-BE54-9A1E7A4F7556}") = "IPROJ.SignalR", "IPROJ.SignalR\IPROJ.SignalR.csproj", "{DF833427-04BC-45A4-BFCB-110BF3191BF0}"
EndProject
Project("{9A19103F-16F7-4668-BE54-9A1E7A4F7556}") = "IPROJ.SignalR.Tests", "IPROJ.SignalR.Tests\IPROJ.SignalR.Tests.csproj", "{E8AF64D2-3EF8-41B7-BAA3-E42F4F9EB75E}"
EndProject
Project("{9A19103F-16F7-4668-BE54-9A1E7A4F7556}") = "IPROJ.ConnectionBroker.Managing", "IPROJ.ConnectionBroker.Managing\IPROJ.ConnectionBroker.Managing.csproj", "{7CA21249-1A3F-4674-98BB-B34057BB1D9C}"
EndProject
Project("{9A19103F-16F7-4668-BE54-9A1E7A4F7556}") = "IPROJ.ConnectionBroker.Managing.Tests", "IPROJ.ConnectionBroker.Managing.Tests\IPROJ.ConnectionBroker.Managing.Tests.csproj", "{9390FDD3-28C1-48A4-A909-1EE839E12365}"
EndProject
Project("{9A19103F-16F7-4668-BE54-9A1E7A4F7556}") = "IPROJ.ConnectionBroker.Devices.Tests", "IPROJ.ConnectionBroker.Devices.Tests\IPROJ.ConnectionBroker.Devices.Tests.csproj", "{167C978D-6345-4376-BBE0-781E7B60F232}"
EndProject
Project("{9A19103F-16F7-4668-BE54-9A1E7A4F7556}") = "IPROJ.Dummies", "IPROJ.Dummies\IPROJ.Dummies.csproj", "{44C96BA4-4327-47DB-9303-E6DF1358B02F}"
EndProject
Project("{FAE04EC0-301F-11D3-BF4B-00C04F79EFBC}") = "IPROJ.Configuration.Tests", "IPROJ.Configuration.Tests\IPROJ.Configuration.Tests.csproj", "{C5D9E79F-71E8-47AF-B309-6DC0A33F0CF7}"
EndProject
Global
	GlobalSection(SolutionConfigurationPlatforms) = preSolution
		Debug|Any CPU = Debug|Any CPU
		Debug|x64 = Debug|x64
		Release|Any CPU = Release|Any CPU
		Release|x64 = Release|x64
	EndGlobalSection
	GlobalSection(ProjectConfigurationPlatforms) = postSolution
		{E2FA3A54-6650-481E-86D4-A706DFE8161F}.Debug|Any CPU.ActiveCfg = Debug|Any CPU
		{E2FA3A54-6650-481E-86D4-A706DFE8161F}.Debug|Any CPU.Build.0 = Debug|Any CPU
		{E2FA3A54-6650-481E-86D4-A706DFE8161F}.Debug|x64.ActiveCfg = Debug|x64
		{E2FA3A54-6650-481E-86D4-A706DFE8161F}.Debug|x64.Build.0 = Debug|x64
		{E2FA3A54-6650-481E-86D4-A706DFE8161F}.Release|Any CPU.ActiveCfg = Release|Any CPU
		{E2FA3A54-6650-481E-86D4-A706DFE8161F}.Release|Any CPU.Build.0 = Release|Any CPU
		{E2FA3A54-6650-481E-86D4-A706DFE8161F}.Release|x64.ActiveCfg = Release|x64
		{E2FA3A54-6650-481E-86D4-A706DFE8161F}.Release|x64.Build.0 = Release|x64
		{D7765026-19F3-48CB-B0EB-525DC6BF5E4A}.Debug|Any CPU.ActiveCfg = Debug|Any CPU
		{D7765026-19F3-48CB-B0EB-525DC6BF5E4A}.Debug|Any CPU.Build.0 = Debug|Any CPU
		{D7765026-19F3-48CB-B0EB-525DC6BF5E4A}.Debug|x64.ActiveCfg = Debug|x64
		{D7765026-19F3-48CB-B0EB-525DC6BF5E4A}.Debug|x64.Build.0 = Debug|x64
		{D7765026-19F3-48CB-B0EB-525DC6BF5E4A}.Release|Any CPU.ActiveCfg = Release|Any CPU
		{D7765026-19F3-48CB-B0EB-525DC6BF5E4A}.Release|Any CPU.Build.0 = Release|Any CPU
		{D7765026-19F3-48CB-B0EB-525DC6BF5E4A}.Release|x64.ActiveCfg = Release|x64
		{D7765026-19F3-48CB-B0EB-525DC6BF5E4A}.Release|x64.Build.0 = Release|x64
		{0D56BF3D-C9BA-4267-92AB-8DAA2A0978D7}.Debug|Any CPU.ActiveCfg = Debug|Any CPU
		{0D56BF3D-C9BA-4267-92AB-8DAA2A0978D7}.Debug|Any CPU.Build.0 = Debug|Any CPU
		{0D56BF3D-C9BA-4267-92AB-8DAA2A0978D7}.Debug|x64.ActiveCfg = Debug|x64
		{0D56BF3D-C9BA-4267-92AB-8DAA2A0978D7}.Debug|x64.Build.0 = Debug|x64
		{0D56BF3D-C9BA-4267-92AB-8DAA2A0978D7}.Release|Any CPU.ActiveCfg = Release|Any CPU
		{0D56BF3D-C9BA-4267-92AB-8DAA2A0978D7}.Release|Any CPU.Build.0 = Release|Any CPU
		{0D56BF3D-C9BA-4267-92AB-8DAA2A0978D7}.Release|x64.ActiveCfg = Release|x64
		{0D56BF3D-C9BA-4267-92AB-8DAA2A0978D7}.Release|x64.Build.0 = Release|x64
		{359DB0FB-CA2E-4A14-9B35-7CDD959AD352}.Debug|Any CPU.ActiveCfg = Debug|Any CPU
		{359DB0FB-CA2E-4A14-9B35-7CDD959AD352}.Debug|Any CPU.Build.0 = Debug|Any CPU
		{359DB0FB-CA2E-4A14-9B35-7CDD959AD352}.Debug|x64.ActiveCfg = Debug|x64
		{359DB0FB-CA2E-4A14-9B35-7CDD959AD352}.Debug|x64.Build.0 = Debug|x64
		{359DB0FB-CA2E-4A14-9B35-7CDD959AD352}.Release|Any CPU.ActiveCfg = Release|Any CPU
		{359DB0FB-CA2E-4A14-9B35-7CDD959AD352}.Release|Any CPU.Build.0 = Release|Any CPU
		{359DB0FB-CA2E-4A14-9B35-7CDD959AD352}.Release|x64.ActiveCfg = Release|x64
		{359DB0FB-CA2E-4A14-9B35-7CDD959AD352}.Release|x64.Build.0 = Release|x64
		{219A2318-72A5-4090-A8A2-FA58FE198168}.Debug|Any CPU.ActiveCfg = Debug|Any CPU
		{219A2318-72A5-4090-A8A2-FA58FE198168}.Debug|Any CPU.Build.0 = Debug|Any CPU
		{219A2318-72A5-4090-A8A2-FA58FE198168}.Debug|x64.ActiveCfg = Debug|x64
		{219A2318-72A5-4090-A8A2-FA58FE198168}.Debug|x64.Build.0 = Debug|x64
		{219A2318-72A5-4090-A8A2-FA58FE198168}.Release|Any CPU.ActiveCfg = Release|Any CPU
		{219A2318-72A5-4090-A8A2-FA58FE198168}.Release|Any CPU.Build.0 = Release|Any CPU
		{219A2318-72A5-4090-A8A2-FA58FE198168}.Release|x64.ActiveCfg = Release|x64
		{219A2318-72A5-4090-A8A2-FA58FE198168}.Release|x64.Build.0 = Release|x64
		{59A82572-D29A-42B1-83A3-2BDE08243704}.Debug|Any CPU.ActiveCfg = Debug|Any CPU
		{59A82572-D29A-42B1-83A3-2BDE08243704}.Debug|Any CPU.Build.0 = Debug|Any CPU
		{59A82572-D29A-42B1-83A3-2BDE08243704}.Debug|x64.ActiveCfg = Debug|x64
		{59A82572-D29A-42B1-83A3-2BDE08243704}.Debug|x64.Build.0 = Debug|x64
		{59A82572-D29A-42B1-83A3-2BDE08243704}.Release|Any CPU.ActiveCfg = Release|Any CPU
		{59A82572-D29A-42B1-83A3-2BDE08243704}.Release|Any CPU.Build.0 = Release|Any CPU
		{59A82572-D29A-42B1-83A3-2BDE08243704}.Release|x64.ActiveCfg = Release|x64
		{59A82572-D29A-42B1-83A3-2BDE08243704}.Release|x64.Build.0 = Release|x64
		{54535BCA-1854-4F65-BC5E-6075FA07A5CD}.Debug|Any CPU.ActiveCfg = Debug|Any CPU
		{54535BCA-1854-4F65-BC5E-6075FA07A5CD}.Debug|Any CPU.Build.0 = Debug|Any CPU
		{54535BCA-1854-4F65-BC5E-6075FA07A5CD}.Debug|x64.ActiveCfg = Debug|x64
		{54535BCA-1854-4F65-BC5E-6075FA07A5CD}.Debug|x64.Build.0 = Debug|x64
		{54535BCA-1854-4F65-BC5E-6075FA07A5CD}.Release|Any CPU.ActiveCfg = Release|Any CPU
		{54535BCA-1854-4F65-BC5E-6075FA07A5CD}.Release|Any CPU.Build.0 = Release|Any CPU
		{54535BCA-1854-4F65-BC5E-6075FA07A5CD}.Release|x64.ActiveCfg = Release|x64
		{54535BCA-1854-4F65-BC5E-6075FA07A5CD}.Release|x64.Build.0 = Release|x64
		{F6F1431F-1033-4534-B9F9-57606CAF1223}.Debug|Any CPU.ActiveCfg = Debug|Any CPU
		{F6F1431F-1033-4534-B9F9-57606CAF1223}.Debug|Any CPU.Build.0 = Debug|Any CPU
		{F6F1431F-1033-4534-B9F9-57606CAF1223}.Debug|x64.ActiveCfg = Debug|x64
		{F6F1431F-1033-4534-B9F9-57606CAF1223}.Debug|x64.Build.0 = Debug|x64
		{F6F1431F-1033-4534-B9F9-57606CAF1223}.Release|Any CPU.ActiveCfg = Release|Any CPU
		{F6F1431F-1033-4534-B9F9-57606CAF1223}.Release|Any CPU.Build.0 = Release|Any CPU
		{F6F1431F-1033-4534-B9F9-57606CAF1223}.Release|x64.ActiveCfg = Release|x64
		{F6F1431F-1033-4534-B9F9-57606CAF1223}.Release|x64.Build.0 = Release|x64
		{2CC8F366-0FA5-406A-9AA8-C34FE5121CB2}.Debug|Any CPU.ActiveCfg = Debug|Any CPU
		{2CC8F366-0FA5-406A-9AA8-C34FE5121CB2}.Debug|Any CPU.Build.0 = Debug|Any CPU
		{2CC8F366-0FA5-406A-9AA8-C34FE5121CB2}.Debug|x64.ActiveCfg = Debug|x64
		{2CC8F366-0FA5-406A-9AA8-C34FE5121CB2}.Debug|x64.Build.0 = Debug|x64
		{2CC8F366-0FA5-406A-9AA8-C34FE5121CB2}.Release|Any CPU.ActiveCfg = Release|Any CPU
		{2CC8F366-0FA5-406A-9AA8-C34FE5121CB2}.Release|Any CPU.Build.0 = Release|Any CPU
		{2CC8F366-0FA5-406A-9AA8-C34FE5121CB2}.Release|x64.ActiveCfg = Release|x64
		{2CC8F366-0FA5-406A-9AA8-C34FE5121CB2}.Release|x64.Build.0 = Release|x64
		{F187D83D-AB4D-4FA7-8027-C90FEE3198CD}.Debug|Any CPU.ActiveCfg = Debug|Any CPU
		{F187D83D-AB4D-4FA7-8027-C90FEE3198CD}.Debug|Any CPU.Build.0 = Debug|Any CPU
		{F187D83D-AB4D-4FA7-8027-C90FEE3198CD}.Debug|x64.ActiveCfg = Debug|x64
		{F187D83D-AB4D-4FA7-8027-C90FEE3198CD}.Debug|x64.Build.0 = Debug|x64
		{F187D83D-AB4D-4FA7-8027-C90FEE3198CD}.Release|Any CPU.ActiveCfg = Release|Any CPU
		{F187D83D-AB4D-4FA7-8027-C90FEE3198CD}.Release|Any CPU.Build.0 = Release|Any CPU
		{F187D83D-AB4D-4FA7-8027-C90FEE3198CD}.Release|x64.ActiveCfg = Release|x64
		{F187D83D-AB4D-4FA7-8027-C90FEE3198CD}.Release|x64.Build.0 = Release|x64
		{3F82A165-F59E-43AF-9067-D059B4180AA0}.Debug|Any CPU.ActiveCfg = Debug|Any CPU
		{3F82A165-F59E-43AF-9067-D059B4180AA0}.Debug|Any CPU.Build.0 = Debug|Any CPU
		{3F82A165-F59E-43AF-9067-D059B4180AA0}.Debug|x64.ActiveCfg = Debug|x64
		{3F82A165-F59E-43AF-9067-D059B4180AA0}.Debug|x64.Build.0 = Debug|x64
		{3F82A165-F59E-43AF-9067-D059B4180AA0}.Release|Any CPU.ActiveCfg = Release|Any CPU
		{3F82A165-F59E-43AF-9067-D059B4180AA0}.Release|Any CPU.Build.0 = Release|Any CPU
		{3F82A165-F59E-43AF-9067-D059B4180AA0}.Release|x64.ActiveCfg = Release|x64
		{3F82A165-F59E-43AF-9067-D059B4180AA0}.Release|x64.Build.0 = Release|x64
		{2B6CC8C6-9533-49A4-AFA3-2074E3A6A009}.Debug|Any CPU.ActiveCfg = Debug|Any CPU
		{2B6CC8C6-9533-49A4-AFA3-2074E3A6A009}.Debug|Any CPU.Build.0 = Debug|Any CPU
		{2B6CC8C6-9533-49A4-AFA3-2074E3A6A009}.Debug|x64.ActiveCfg = Debug|Any CPU
		{2B6CC8C6-9533-49A4-AFA3-2074E3A6A009}.Release|Any CPU.ActiveCfg = Release|Any CPU
		{2B6CC8C6-9533-49A4-AFA3-2074E3A6A009}.Release|Any CPU.Build.0 = Release|Any CPU
		{2B6CC8C6-9533-49A4-AFA3-2074E3A6A009}.Release|x64.ActiveCfg = Release|Any CPU
		{487BEF32-EADB-44A0-A75C-B33911B782DA}.Debug|Any CPU.ActiveCfg = Debug|Any CPU
		{487BEF32-EADB-44A0-A75C-B33911B782DA}.Debug|Any CPU.Build.0 = Debug|Any CPU
		{487BEF32-EADB-44A0-A75C-B33911B782DA}.Debug|x64.ActiveCfg = Debug|x64
		{487BEF32-EADB-44A0-A75C-B33911B782DA}.Debug|x64.Build.0 = Debug|x64
		{487BEF32-EADB-44A0-A75C-B33911B782DA}.Release|Any CPU.ActiveCfg = Release|Any CPU
		{487BEF32-EADB-44A0-A75C-B33911B782DA}.Release|Any CPU.Build.0 = Release|Any CPU
		{487BEF32-EADB-44A0-A75C-B33911B782DA}.Release|x64.ActiveCfg = Release|x64
		{487BEF32-EADB-44A0-A75C-B33911B782DA}.Release|x64.Build.0 = Release|x64
		{61DC2E3B-3A72-49D4-98F4-EBBF8A5AB539}.Debug|Any CPU.ActiveCfg = Debug|Any CPU
		{61DC2E3B-3A72-49D4-98F4-EBBF8A5AB539}.Debug|Any CPU.Build.0 = Debug|Any CPU
		{61DC2E3B-3A72-49D4-98F4-EBBF8A5AB539}.Debug|x64.ActiveCfg = Debug|x64
		{61DC2E3B-3A72-49D4-98F4-EBBF8A5AB539}.Debug|x64.Build.0 = Debug|x64
		{61DC2E3B-3A72-49D4-98F4-EBBF8A5AB539}.Release|Any CPU.ActiveCfg = Release|Any CPU
		{61DC2E3B-3A72-49D4-98F4-EBBF8A5AB539}.Release|Any CPU.Build.0 = Release|Any CPU
		{61DC2E3B-3A72-49D4-98F4-EBBF8A5AB539}.Release|x64.ActiveCfg = Release|x64
		{61DC2E3B-3A72-49D4-98F4-EBBF8A5AB539}.Release|x64.Build.0 = Release|x64
		{46B3A644-F412-409D-AE6B-967481C10154}.Debug|Any CPU.ActiveCfg = Debug|Any CPU
		{46B3A644-F412-409D-AE6B-967481C10154}.Debug|Any CPU.Build.0 = Debug|Any CPU
		{46B3A644-F412-409D-AE6B-967481C10154}.Debug|x64.ActiveCfg = Debug|x64
		{46B3A644-F412-409D-AE6B-967481C10154}.Debug|x64.Build.0 = Debug|x64
		{46B3A644-F412-409D-AE6B-967481C10154}.Release|Any CPU.ActiveCfg = Release|Any CPU
		{46B3A644-F412-409D-AE6B-967481C10154}.Release|Any CPU.Build.0 = Release|Any CPU
		{46B3A644-F412-409D-AE6B-967481C10154}.Release|x64.ActiveCfg = Release|x64
		{46B3A644-F412-409D-AE6B-967481C10154}.Release|x64.Build.0 = Release|x64
		{1654C0CB-58B9-42BF-A04A-C45E25A29238}.Debug|Any CPU.ActiveCfg = Debug|Any CPU
		{1654C0CB-58B9-42BF-A04A-C45E25A29238}.Debug|Any CPU.Build.0 = Debug|Any CPU
		{1654C0CB-58B9-42BF-A04A-C45E25A29238}.Debug|x64.ActiveCfg = Debug|x64
		{1654C0CB-58B9-42BF-A04A-C45E25A29238}.Debug|x64.Build.0 = Debug|x64
		{1654C0CB-58B9-42BF-A04A-C45E25A29238}.Release|Any CPU.ActiveCfg = Release|Any CPU
		{1654C0CB-58B9-42BF-A04A-C45E25A29238}.Release|Any CPU.Build.0 = Release|Any CPU
		{1654C0CB-58B9-42BF-A04A-C45E25A29238}.Release|x64.ActiveCfg = Release|x64
		{1654C0CB-58B9-42BF-A04A-C45E25A29238}.Release|x64.Build.0 = Release|x64
		{9B2500FA-3181-41B7-A09B-6F29BD26DDF1}.Debug|Any CPU.ActiveCfg = Debug|Any CPU
		{9B2500FA-3181-41B7-A09B-6F29BD26DDF1}.Debug|Any CPU.Build.0 = Debug|Any CPU
		{9B2500FA-3181-41B7-A09B-6F29BD26DDF1}.Debug|x64.ActiveCfg = Debug|x64
		{9B2500FA-3181-41B7-A09B-6F29BD26DDF1}.Debug|x64.Build.0 = Debug|x64
		{9B2500FA-3181-41B7-A09B-6F29BD26DDF1}.Release|Any CPU.ActiveCfg = Release|Any CPU
		{9B2500FA-3181-41B7-A09B-6F29BD26DDF1}.Release|Any CPU.Build.0 = Release|Any CPU
		{9B2500FA-3181-41B7-A09B-6F29BD26DDF1}.Release|x64.ActiveCfg = Release|x64
		{9B2500FA-3181-41B7-A09B-6F29BD26DDF1}.Release|x64.Build.0 = Release|x64
		{DB26AE4D-C96D-4FF7-9830-AC1BEB2D7274}.Debug|Any CPU.ActiveCfg = Debug|Any CPU
		{DB26AE4D-C96D-4FF7-9830-AC1BEB2D7274}.Debug|Any CPU.Build.0 = Debug|Any CPU
		{DB26AE4D-C96D-4FF7-9830-AC1BEB2D7274}.Debug|x64.ActiveCfg = Debug|x64
		{DB26AE4D-C96D-4FF7-9830-AC1BEB2D7274}.Debug|x64.Build.0 = Debug|x64
		{DB26AE4D-C96D-4FF7-9830-AC1BEB2D7274}.Release|Any CPU.ActiveCfg = Release|Any CPU
		{DB26AE4D-C96D-4FF7-9830-AC1BEB2D7274}.Release|Any CPU.Build.0 = Release|Any CPU
		{DB26AE4D-C96D-4FF7-9830-AC1BEB2D7274}.Release|x64.ActiveCfg = Release|x64
		{DB26AE4D-C96D-4FF7-9830-AC1BEB2D7274}.Release|x64.Build.0 = Release|x64
		{B1FDA044-917E-409C-89E4-6FCBCFF1A5DC}.Debug|Any CPU.ActiveCfg = Debug|Any CPU
		{B1FDA044-917E-409C-89E4-6FCBCFF1A5DC}.Debug|Any CPU.Build.0 = Debug|Any CPU
		{B1FDA044-917E-409C-89E4-6FCBCFF1A5DC}.Debug|x64.ActiveCfg = Debug|x64
		{B1FDA044-917E-409C-89E4-6FCBCFF1A5DC}.Debug|x64.Build.0 = Debug|x64
		{B1FDA044-917E-409C-89E4-6FCBCFF1A5DC}.Release|Any CPU.ActiveCfg = Release|Any CPU
		{B1FDA044-917E-409C-89E4-6FCBCFF1A5DC}.Release|Any CPU.Build.0 = Release|Any CPU
		{B1FDA044-917E-409C-89E4-6FCBCFF1A5DC}.Release|x64.ActiveCfg = Release|x64
		{B1FDA044-917E-409C-89E4-6FCBCFF1A5DC}.Release|x64.Build.0 = Release|x64
		{DF833427-04BC-45A4-BFCB-110BF3191BF0}.Debug|Any CPU.ActiveCfg = Debug|Any CPU
		{DF833427-04BC-45A4-BFCB-110BF3191BF0}.Debug|Any CPU.Build.0 = Debug|Any CPU
		{DF833427-04BC-45A4-BFCB-110BF3191BF0}.Debug|x64.ActiveCfg = Debug|x64
		{DF833427-04BC-45A4-BFCB-110BF3191BF0}.Debug|x64.Build.0 = Debug|x64
		{DF833427-04BC-45A4-BFCB-110BF3191BF0}.Release|Any CPU.ActiveCfg = Release|Any CPU
		{DF833427-04BC-45A4-BFCB-110BF3191BF0}.Release|Any CPU.Build.0 = Release|Any CPU
		{DF833427-04BC-45A4-BFCB-110BF3191BF0}.Release|x64.ActiveCfg = Release|x64
		{DF833427-04BC-45A4-BFCB-110BF3191BF0}.Release|x64.Build.0 = Release|x64
		{E8AF64D2-3EF8-41B7-BAA3-E42F4F9EB75E}.Debug|Any CPU.ActiveCfg = Debug|Any CPU
		{E8AF64D2-3EF8-41B7-BAA3-E42F4F9EB75E}.Debug|Any CPU.Build.0 = Debug|Any CPU
		{E8AF64D2-3EF8-41B7-BAA3-E42F4F9EB75E}.Debug|x64.ActiveCfg = Debug|x64
		{E8AF64D2-3EF8-41B7-BAA3-E42F4F9EB75E}.Debug|x64.Build.0 = Debug|x64
		{E8AF64D2-3EF8-41B7-BAA3-E42F4F9EB75E}.Release|Any CPU.ActiveCfg = Release|Any CPU
		{E8AF64D2-3EF8-41B7-BAA3-E42F4F9EB75E}.Release|Any CPU.Build.0 = Release|Any CPU
		{E8AF64D2-3EF8-41B7-BAA3-E42F4F9EB75E}.Release|x64.ActiveCfg = Release|x64
		{E8AF64D2-3EF8-41B7-BAA3-E42F4F9EB75E}.Release|x64.Build.0 = Release|x64
		{7CA21249-1A3F-4674-98BB-B34057BB1D9C}.Debug|Any CPU.ActiveCfg = Debug|Any CPU
		{7CA21249-1A3F-4674-98BB-B34057BB1D9C}.Debug|Any CPU.Build.0 = Debug|Any CPU
		{7CA21249-1A3F-4674-98BB-B34057BB1D9C}.Debug|x64.ActiveCfg = Debug|x64
		{7CA21249-1A3F-4674-98BB-B34057BB1D9C}.Debug|x64.Build.0 = Debug|x64
		{7CA21249-1A3F-4674-98BB-B34057BB1D9C}.Release|Any CPU.ActiveCfg = Release|Any CPU
		{7CA21249-1A3F-4674-98BB-B34057BB1D9C}.Release|Any CPU.Build.0 = Release|Any CPU
		{7CA21249-1A3F-4674-98BB-B34057BB1D9C}.Release|x64.ActiveCfg = Release|Any CPU
		{7CA21249-1A3F-4674-98BB-B34057BB1D9C}.Release|x64.Build.0 = Release|Any CPU
		{9390FDD3-28C1-48A4-A909-1EE839E12365}.Debug|Any CPU.ActiveCfg = Debug|Any CPU
		{9390FDD3-28C1-48A4-A909-1EE839E12365}.Debug|Any CPU.Build.0 = Debug|Any CPU
		{9390FDD3-28C1-48A4-A909-1EE839E12365}.Debug|x64.ActiveCfg = Debug|x64
		{9390FDD3-28C1-48A4-A909-1EE839E12365}.Debug|x64.Build.0 = Debug|x64
		{9390FDD3-28C1-48A4-A909-1EE839E12365}.Release|Any CPU.ActiveCfg = Release|Any CPU
		{9390FDD3-28C1-48A4-A909-1EE839E12365}.Release|Any CPU.Build.0 = Release|Any CPU
		{9390FDD3-28C1-48A4-A909-1EE839E12365}.Release|x64.ActiveCfg = Release|Any CPU
		{9390FDD3-28C1-48A4-A909-1EE839E12365}.Release|x64.Build.0 = Release|Any CPU
		{167C978D-6345-4376-BBE0-781E7B60F232}.Debug|Any CPU.ActiveCfg = Debug|Any CPU
		{167C978D-6345-4376-BBE0-781E7B60F232}.Debug|Any CPU.Build.0 = Debug|Any CPU
		{167C978D-6345-4376-BBE0-781E7B60F232}.Debug|x64.ActiveCfg = Debug|x64
		{167C978D-6345-4376-BBE0-781E7B60F232}.Debug|x64.Build.0 = Debug|x64
		{167C978D-6345-4376-BBE0-781E7B60F232}.Release|Any CPU.ActiveCfg = Release|Any CPU
		{167C978D-6345-4376-BBE0-781E7B60F232}.Release|Any CPU.Build.0 = Release|Any CPU
		{167C978D-6345-4376-BBE0-781E7B60F232}.Release|x64.ActiveCfg = Release|x64
		{167C978D-6345-4376-BBE0-781E7B60F232}.Release|x64.Build.0 = Release|x64
		{44C96BA4-4327-47DB-9303-E6DF1358B02F}.Debug|Any CPU.ActiveCfg = Debug|Any CPU
		{44C96BA4-4327-47DB-9303-E6DF1358B02F}.Debug|Any CPU.Build.0 = Debug|Any CPU
		{44C96BA4-4327-47DB-9303-E6DF1358B02F}.Debug|x64.ActiveCfg = Debug|x64
		{44C96BA4-4327-47DB-9303-E6DF1358B02F}.Debug|x64.Build.0 = Debug|x64
		{44C96BA4-4327-47DB-9303-E6DF1358B02F}.Release|Any CPU.ActiveCfg = Release|Any CPU
		{44C96BA4-4327-47DB-9303-E6DF1358B02F}.Release|Any CPU.Build.0 = Release|Any CPU
		{44C96BA4-4327-47DB-9303-E6DF1358B02F}.Release|x64.ActiveCfg = Release|Any CPU
		{44C96BA4-4327-47DB-9303-E6DF1358B02F}.Release|x64.Build.0 = Release|Any CPU
		{C5D9E79F-71E8-47AF-B309-6DC0A33F0CF7}.Debug|Any CPU.ActiveCfg = Debug|Any CPU
		{C5D9E79F-71E8-47AF-B309-6DC0A33F0CF7}.Debug|Any CPU.Build.0 = Debug|Any CPU
		{C5D9E79F-71E8-47AF-B309-6DC0A33F0CF7}.Debug|x64.ActiveCfg = Debug|Any CPU
		{C5D9E79F-71E8-47AF-B309-6DC0A33F0CF7}.Debug|x64.Build.0 = Debug|Any CPU
		{C5D9E79F-71E8-47AF-B309-6DC0A33F0CF7}.Release|Any CPU.ActiveCfg = Release|Any CPU
		{C5D9E79F-71E8-47AF-B309-6DC0A33F0CF7}.Release|Any CPU.Build.0 = Release|Any CPU
		{C5D9E79F-71E8-47AF-B309-6DC0A33F0CF7}.Release|x64.ActiveCfg = Release|Any CPU
		{C5D9E79F-71E8-47AF-B309-6DC0A33F0CF7}.Release|x64.Build.0 = Release|Any CPU
	EndGlobalSection
	GlobalSection(SolutionProperties) = preSolution
		HideSolutionNode = FALSE
	EndGlobalSection
	GlobalSection(NestedProjects) = preSolution
		{E2FA3A54-6650-481E-86D4-A706DFE8161F} = {D7A0F191-79A7-40CD-8E7D-0A9045C0AD5C}
		{D7765026-19F3-48CB-B0EB-525DC6BF5E4A} = {D7A0F191-79A7-40CD-8E7D-0A9045C0AD5C}
		{0D56BF3D-C9BA-4267-92AB-8DAA2A0978D7} = {D14D255B-7AAD-45B1-8718-18B4BD38530D}
		{359DB0FB-CA2E-4A14-9B35-7CDD959AD352} = {D14D255B-7AAD-45B1-8718-18B4BD38530D}
		{219A2318-72A5-4090-A8A2-FA58FE198168} = {D7A0F191-79A7-40CD-8E7D-0A9045C0AD5C}
		{59A82572-D29A-42B1-83A3-2BDE08243704} = {D14D255B-7AAD-45B1-8718-18B4BD38530D}
		{54535BCA-1854-4F65-BC5E-6075FA07A5CD} = {D14D255B-7AAD-45B1-8718-18B4BD38530D}
		{F6F1431F-1033-4534-B9F9-57606CAF1223} = {ADB1DB5F-D872-4A64-9C5B-C5BC72B9D0C5}
		{2CC8F366-0FA5-406A-9AA8-C34FE5121CB2} = {40E453E7-1FD0-4C57-A6DF-2365FC75FCC8}
		{F187D83D-AB4D-4FA7-8027-C90FEE3198CD} = {ADB1DB5F-D872-4A64-9C5B-C5BC72B9D0C5}
		{3F82A165-F59E-43AF-9067-D059B4180AA0} = {2B06A4D0-B9B7-4848-B127-A157E7094421}
		{2B6CC8C6-9533-49A4-AFA3-2074E3A6A009} = {40E453E7-1FD0-4C57-A6DF-2365FC75FCC8}
		{487BEF32-EADB-44A0-A75C-B33911B782DA} = {2B06A4D0-B9B7-4848-B127-A157E7094421}
		{61DC2E3B-3A72-49D4-98F4-EBBF8A5AB539} = {D14D255B-7AAD-45B1-8718-18B4BD38530D}
		{46B3A644-F412-409D-AE6B-967481C10154} = {40E453E7-1FD0-4C57-A6DF-2365FC75FCC8}
		{1654C0CB-58B9-42BF-A04A-C45E25A29238} = {D14D255B-7AAD-45B1-8718-18B4BD38530D}
		{9B2500FA-3181-41B7-A09B-6F29BD26DDF1} = {ADB1DB5F-D872-4A64-9C5B-C5BC72B9D0C5}
		{DB26AE4D-C96D-4FF7-9830-AC1BEB2D7274} = {40E453E7-1FD0-4C57-A6DF-2365FC75FCC8}
		{B1FDA044-917E-409C-89E4-6FCBCFF1A5DC} = {ADB1DB5F-D872-4A64-9C5B-C5BC72B9D0C5}
		{DF833427-04BC-45A4-BFCB-110BF3191BF0} = {D14D255B-7AAD-45B1-8718-18B4BD38530D}
		{E8AF64D2-3EF8-41B7-BAA3-E42F4F9EB75E} = {ADB1DB5F-D872-4A64-9C5B-C5BC72B9D0C5}
		{7CA21249-1A3F-4674-98BB-B34057BB1D9C} = {2B06A4D0-B9B7-4848-B127-A157E7094421}
		{9390FDD3-28C1-48A4-A909-1EE839E12365} = {ADB1DB5F-D872-4A64-9C5B-C5BC72B9D0C5}
		{167C978D-6345-4376-BBE0-781E7B60F232} = {ADB1DB5F-D872-4A64-9C5B-C5BC72B9D0C5}
		{44C96BA4-4327-47DB-9303-E6DF1358B02F} = {D14D255B-7AAD-45B1-8718-18B4BD38530D}
		{C5D9E79F-71E8-47AF-B309-6DC0A33F0CF7} = {ADB1DB5F-D872-4A64-9C5B-C5BC72B9D0C5}
	EndGlobalSection
	GlobalSection(ExtensibilityGlobals) = postSolution
		SolutionGuid = {007AF9E8-A785-4173-B017-01B7C9E9DDEE}
	EndGlobalSection
EndGlobal
