
Microsoft Visual Studio Solution File, Format Version 12.00
# Visual Studio 15
VisualStudioVersion = 15.0.26430.14
MinimumVisualStudioVersion = 10.0.40219.1
Project("{2150E333-8FDC-42A3-9474-1A3956D46DE8}") = "ConnectionBroker", "ConnectionBroker", "{2B06A4D0-B9B7-4848-B127-A157E7094421}"
EndProject
Project("{2150E333-8FDC-42A3-9474-1A3956D46DE8}") = "HomeServer", "HomeServer", "{40E453E7-1FD0-4C57-A6DF-2365FC75FCC8}"
EndProject
Project("{2150E333-8FDC-42A3-9474-1A3956D46DE8}") = "Common", "Common", "{D14D255B-7AAD-45B1-8718-18B4BD38530D}"
EndProject
Project("{9A19103F-16F7-4668-BE54-9A1E7A4F7556}") = "IPROJ.ConnectionBroker.Autofac", "IPROJ.ConnectionBroker.Autofac\IPROJ.ConnectionBroker.Autofac.csproj", "{E2FA3A54-6650-481E-86D4-A706DFE8161F}"
EndProject
Project("{9A19103F-16F7-4668-BE54-9A1E7A4F7556}") = "IPROJ.Autofac", "IPROJ.Autofac\IPROJ.Autofac.csproj", "{D7765026-19F3-48CB-B0EB-525DC6BF5E4A}"
EndProject
Project("{9A19103F-16F7-4668-BE54-9A1E7A4F7556}") = "IPROJ.Configuration", "IPROJ.Configuration\IPROJ.Configuration.csproj", "{0D56BF3D-C9BA-4267-92AB-8DAA2A0978D7}"
EndProject
Project("{9A19103F-16F7-4668-BE54-9A1E7A4F7556}") = "IPROJ.Core", "IPROJ.Core\IPROJ.Core.csproj", "{BBE83879-2FF9-4106-8EDE-5EDF801BE37E}"
EndProject
Project("{9A19103F-16F7-4668-BE54-9A1E7A4F7556}") = "IPROJ.QueueManager", "IPROJ.QueueManager\IPROJ.QueueManager.csproj", "{359DB0FB-CA2E-4A14-9B35-7CDD959AD352}"
EndProject
Project("{FAE04EC0-301F-11D3-BF4B-00C04F79EFBC}") = "IPROJ.ConnectionBroker.DevicesManager", "IPROJ.ConnectionBroker.DevicesManager\IPROJ.ConnectionBroker.DevicesManager.csproj", "{EAD05EDF-290F-44D2-A378-125D76AF2727}"
EndProject
Project("{FAE04EC0-301F-11D3-BF4B-00C04F79EFBC}") = "IPROJ.ConnectionBroker.TcpCommunication", "IPROJ.ConnectionBroker.TcpCommunication\IPROJ.ConnectionBroker.TcpCommunication.csproj", "{18C60EA8-A472-4A26-86DC-9843C8FDB888}"
EndProject
Project("{FAE04EC0-301F-11D3-BF4B-00C04F79EFBC}") = "IPROJ.ConnectionBroker.QueueManaging", "IPROJ.ConnectionBroker.QueueManaging\IPROJ.ConnectionBroker.QueueManaging.csproj", "{DD91C87F-7335-487F-86B2-7FFB08FC7E88}"
EndProject
Project("{9A19103F-16F7-4668-BE54-9A1E7A4F7556}") = "IPROJ.HomeServer.Autofac", "IPROJ.HomeServer.Autofac\IPROJ.HomeServer.Autofac.csproj", "{219A2318-72A5-4090-A8A2-FA58FE198168}"
EndProject
Project("{9A19103F-16F7-4668-BE54-9A1E7A4F7556}") = "IPROJ.MSSQLRepository", "IPROJ.HomeServer.MSSQLRepository\IPROJ.MSSQLRepository.csproj", "{59A82572-D29A-42B1-83A3-2BDE08243704}"
EndProject
Project("{9A19103F-16F7-4668-BE54-9A1E7A4F7556}") = "IPROJ.HomeServer.QueueClient", "IPROJ.HomeServer.QueueClient\IPROJ.HomeServer.QueueClient.csproj", "{67F38FA9-512B-45D6-BEB2-6F8D0903CF1F}"
EndProject
Project("{9A19103F-16F7-4668-BE54-9A1E7A4F7556}") = "IPROJ.Contracts", "IPROJ.Contracts\IPROJ.Contracts.csproj", "{54535BCA-1854-4F65-BC5E-6075FA07A5CD}"
EndProject
Project("{FAE04EC0-301F-11D3-BF4B-00C04F79EFBC}") = "IPROJ.MSSQLRepository.Tests", "IPROJ.HomeServer.MSSQLRespository.Tests\IPROJ.MSSQLRepository.Tests.csproj", "{F6F1431F-1033-4534-B9F9-57606CAF1223}"
EndProject
Project("{9A19103F-16F7-4668-BE54-9A1E7A4F7556}") = "IPROJ.HomeServer.WebApi", "IPROJ.HomeServer.WebApi\IPROJ.HomeServer.WebApi.csproj", "{2CC8F366-0FA5-406A-9AA8-C34FE5121CB2}"
EndProject
Project("{FAE04EC0-301F-11D3-BF4B-00C04F79EFBC}") = "IPROJ.HomeServer.Runner", "IPROJ.HomeServer.Runner\IPROJ.HomeServer.Runner.csproj", "{AD1D93A7-DCB6-4CF4-B547-EA35CFCBF803}"
EndProject
Project("{FAE04EC0-301F-11D3-BF4B-00C04F79EFBC}") = "IPROJ.ConntectionBroker.Runner", "IPROJ.ConntectionBroker.Runner\IPROJ.ConntectionBroker.Runner.csproj", "{2DA371C1-0B98-4713-AD3D-99D856089262}"
EndProject
Global
	GlobalSection(SolutionConfigurationPlatforms) = preSolution
		Debug|Any CPU = Debug|Any CPU
		Debug|x64 = Debug|x64
		Release|Any CPU = Release|Any CPU
		Release|x64 = Release|x64
	EndGlobalSection
	GlobalSection(ProjectConfigurationPlatforms) = postSolution
		{E2FA3A54-6650-481E-86D4-A706DFE8161F}.Debug|Any CPU.ActiveCfg = Debug|Any CPU
		{E2FA3A54-6650-481E-86D4-A706DFE8161F}.Debug|Any CPU.Build.0 = Debug|Any CPU
		{E2FA3A54-6650-481E-86D4-A706DFE8161F}.Debug|x64.ActiveCfg = Debug|Any CPU
		{E2FA3A54-6650-481E-86D4-A706DFE8161F}.Debug|x64.Build.0 = Debug|Any CPU
		{E2FA3A54-6650-481E-86D4-A706DFE8161F}.Release|Any CPU.ActiveCfg = Release|Any CPU
		{E2FA3A54-6650-481E-86D4-A706DFE8161F}.Release|Any CPU.Build.0 = Release|Any CPU
		{E2FA3A54-6650-481E-86D4-A706DFE8161F}.Release|x64.ActiveCfg = Release|Any CPU
		{E2FA3A54-6650-481E-86D4-A706DFE8161F}.Release|x64.Build.0 = Release|Any CPU
		{D7765026-19F3-48CB-B0EB-525DC6BF5E4A}.Debug|Any CPU.ActiveCfg = Debug|Any CPU
		{D7765026-19F3-48CB-B0EB-525DC6BF5E4A}.Debug|Any CPU.Build.0 = Debug|Any CPU
		{D7765026-19F3-48CB-B0EB-525DC6BF5E4A}.Debug|x64.ActiveCfg = Debug|Any CPU
		{D7765026-19F3-48CB-B0EB-525DC6BF5E4A}.Debug|x64.Build.0 = Debug|Any CPU
		{D7765026-19F3-48CB-B0EB-525DC6BF5E4A}.Release|Any CPU.ActiveCfg = Release|Any CPU
		{D7765026-19F3-48CB-B0EB-525DC6BF5E4A}.Release|Any CPU.Build.0 = Release|Any CPU
		{D7765026-19F3-48CB-B0EB-525DC6BF5E4A}.Release|x64.ActiveCfg = Release|Any CPU
		{D7765026-19F3-48CB-B0EB-525DC6BF5E4A}.Release|x64.Build.0 = Release|Any CPU
		{0D56BF3D-C9BA-4267-92AB-8DAA2A0978D7}.Debug|Any CPU.ActiveCfg = Debug|Any CPU
		{0D56BF3D-C9BA-4267-92AB-8DAA2A0978D7}.Debug|Any CPU.Build.0 = Debug|Any CPU
		{0D56BF3D-C9BA-4267-92AB-8DAA2A0978D7}.Debug|x64.ActiveCfg = Debug|Any CPU
		{0D56BF3D-C9BA-4267-92AB-8DAA2A0978D7}.Debug|x64.Build.0 = Debug|Any CPU
		{0D56BF3D-C9BA-4267-92AB-8DAA2A0978D7}.Release|Any CPU.ActiveCfg = Release|Any CPU
		{0D56BF3D-C9BA-4267-92AB-8DAA2A0978D7}.Release|Any CPU.Build.0 = Release|Any CPU
		{0D56BF3D-C9BA-4267-92AB-8DAA2A0978D7}.Release|x64.ActiveCfg = Release|Any CPU
		{0D56BF3D-C9BA-4267-92AB-8DAA2A0978D7}.Release|x64.Build.0 = Release|Any CPU
		{BBE83879-2FF9-4106-8EDE-5EDF801BE37E}.Debug|Any CPU.ActiveCfg = Debug|Any CPU
		{BBE83879-2FF9-4106-8EDE-5EDF801BE37E}.Debug|Any CPU.Build.0 = Debug|Any CPU
		{BBE83879-2FF9-4106-8EDE-5EDF801BE37E}.Debug|x64.ActiveCfg = Debug|Any CPU
		{BBE83879-2FF9-4106-8EDE-5EDF801BE37E}.Debug|x64.Build.0 = Debug|Any CPU
		{BBE83879-2FF9-4106-8EDE-5EDF801BE37E}.Release|Any CPU.ActiveCfg = Release|Any CPU
		{BBE83879-2FF9-4106-8EDE-5EDF801BE37E}.Release|Any CPU.Build.0 = Release|Any CPU
		{BBE83879-2FF9-4106-8EDE-5EDF801BE37E}.Release|x64.ActiveCfg = Release|Any CPU
		{BBE83879-2FF9-4106-8EDE-5EDF801BE37E}.Release|x64.Build.0 = Release|Any CPU
		{359DB0FB-CA2E-4A14-9B35-7CDD959AD352}.Debug|Any CPU.ActiveCfg = Debug|Any CPU
		{359DB0FB-CA2E-4A14-9B35-7CDD959AD352}.Debug|Any CPU.Build.0 = Debug|Any CPU
		{359DB0FB-CA2E-4A14-9B35-7CDD959AD352}.Debug|x64.ActiveCfg = Debug|Any CPU
		{359DB0FB-CA2E-4A14-9B35-7CDD959AD352}.Debug|x64.Build.0 = Debug|Any CPU
		{359DB0FB-CA2E-4A14-9B35-7CDD959AD352}.Release|Any CPU.ActiveCfg = Release|Any CPU
		{359DB0FB-CA2E-4A14-9B35-7CDD959AD352}.Release|Any CPU.Build.0 = Release|Any CPU
		{359DB0FB-CA2E-4A14-9B35-7CDD959AD352}.Release|x64.ActiveCfg = Release|Any CPU
		{359DB0FB-CA2E-4A14-9B35-7CDD959AD352}.Release|x64.Build.0 = Release|Any CPU
		{EAD05EDF-290F-44D2-A378-125D76AF2727}.Debug|Any CPU.ActiveCfg = Debug|Any CPU
		{EAD05EDF-290F-44D2-A378-125D76AF2727}.Debug|Any CPU.Build.0 = Debug|Any CPU
		{EAD05EDF-290F-44D2-A378-125D76AF2727}.Debug|x64.ActiveCfg = Debug|Any CPU
		{EAD05EDF-290F-44D2-A378-125D76AF2727}.Debug|x64.Build.0 = Debug|Any CPU
		{EAD05EDF-290F-44D2-A378-125D76AF2727}.Release|Any CPU.ActiveCfg = Release|Any CPU
		{EAD05EDF-290F-44D2-A378-125D76AF2727}.Release|Any CPU.Build.0 = Release|Any CPU
		{EAD05EDF-290F-44D2-A378-125D76AF2727}.Release|x64.ActiveCfg = Release|Any CPU
		{EAD05EDF-290F-44D2-A378-125D76AF2727}.Release|x64.Build.0 = Release|Any CPU
		{18C60EA8-A472-4A26-86DC-9843C8FDB888}.Debug|Any CPU.ActiveCfg = Debug|Any CPU
		{18C60EA8-A472-4A26-86DC-9843C8FDB888}.Debug|Any CPU.Build.0 = Debug|Any CPU
		{18C60EA8-A472-4A26-86DC-9843C8FDB888}.Debug|x64.ActiveCfg = Debug|Any CPU
		{18C60EA8-A472-4A26-86DC-9843C8FDB888}.Debug|x64.Build.0 = Debug|Any CPU
		{18C60EA8-A472-4A26-86DC-9843C8FDB888}.Release|Any CPU.ActiveCfg = Release|Any CPU
		{18C60EA8-A472-4A26-86DC-9843C8FDB888}.Release|Any CPU.Build.0 = Release|Any CPU
		{18C60EA8-A472-4A26-86DC-9843C8FDB888}.Release|x64.ActiveCfg = Release|Any CPU
		{18C60EA8-A472-4A26-86DC-9843C8FDB888}.Release|x64.Build.0 = Release|Any CPU
		{DD91C87F-7335-487F-86B2-7FFB08FC7E88}.Debug|Any CPU.ActiveCfg = Debug|Any CPU
		{DD91C87F-7335-487F-86B2-7FFB08FC7E88}.Debug|Any CPU.Build.0 = Debug|Any CPU
		{DD91C87F-7335-487F-86B2-7FFB08FC7E88}.Debug|x64.ActiveCfg = Debug|Any CPU
		{DD91C87F-7335-487F-86B2-7FFB08FC7E88}.Debug|x64.Build.0 = Debug|Any CPU
		{DD91C87F-7335-487F-86B2-7FFB08FC7E88}.Release|Any CPU.ActiveCfg = Release|Any CPU
		{DD91C87F-7335-487F-86B2-7FFB08FC7E88}.Release|Any CPU.Build.0 = Release|Any CPU
		{DD91C87F-7335-487F-86B2-7FFB08FC7E88}.Release|x64.ActiveCfg = Release|Any CPU
		{DD91C87F-7335-487F-86B2-7FFB08FC7E88}.Release|x64.Build.0 = Release|Any CPU
		{219A2318-72A5-4090-A8A2-FA58FE198168}.Debug|Any CPU.ActiveCfg = Debug|Any CPU
		{219A2318-72A5-4090-A8A2-FA58FE198168}.Debug|Any CPU.Build.0 = Debug|Any CPU
		{219A2318-72A5-4090-A8A2-FA58FE198168}.Debug|x64.ActiveCfg = Debug|Any CPU
		{219A2318-72A5-4090-A8A2-FA58FE198168}.Debug|x64.Build.0 = Debug|Any CPU
		{219A2318-72A5-4090-A8A2-FA58FE198168}.Release|Any CPU.ActiveCfg = Release|Any CPU
		{219A2318-72A5-4090-A8A2-FA58FE198168}.Release|Any CPU.Build.0 = Release|Any CPU
		{219A2318-72A5-4090-A8A2-FA58FE198168}.Release|x64.ActiveCfg = Release|Any CPU
		{219A2318-72A5-4090-A8A2-FA58FE198168}.Release|x64.Build.0 = Release|Any CPU
		{59A82572-D29A-42B1-83A3-2BDE08243704}.Debug|Any CPU.ActiveCfg = Debug|Any CPU
		{59A82572-D29A-42B1-83A3-2BDE08243704}.Debug|Any CPU.Build.0 = Debug|Any CPU
		{59A82572-D29A-42B1-83A3-2BDE08243704}.Debug|x64.ActiveCfg = Debug|Any CPU
		{59A82572-D29A-42B1-83A3-2BDE08243704}.Debug|x64.Build.0 = Debug|Any CPU
		{59A82572-D29A-42B1-83A3-2BDE08243704}.Release|Any CPU.ActiveCfg = Release|Any CPU
		{59A82572-D29A-42B1-83A3-2BDE08243704}.Release|Any CPU.Build.0 = Release|Any CPU
		{59A82572-D29A-42B1-83A3-2BDE08243704}.Release|x64.ActiveCfg = Release|Any CPU
		{59A82572-D29A-42B1-83A3-2BDE08243704}.Release|x64.Build.0 = Release|Any CPU
		{67F38FA9-512B-45D6-BEB2-6F8D0903CF1F}.Debug|Any CPU.ActiveCfg = Debug|Any CPU
		{67F38FA9-512B-45D6-BEB2-6F8D0903CF1F}.Debug|Any CPU.Build.0 = Debug|Any CPU
		{67F38FA9-512B-45D6-BEB2-6F8D0903CF1F}.Debug|x64.ActiveCfg = Debug|Any CPU
		{67F38FA9-512B-45D6-BEB2-6F8D0903CF1F}.Debug|x64.Build.0 = Debug|Any CPU
		{67F38FA9-512B-45D6-BEB2-6F8D0903CF1F}.Release|Any CPU.ActiveCfg = Release|Any CPU
		{67F38FA9-512B-45D6-BEB2-6F8D0903CF1F}.Release|Any CPU.Build.0 = Release|Any CPU
		{67F38FA9-512B-45D6-BEB2-6F8D0903CF1F}.Release|x64.ActiveCfg = Release|Any CPU
		{67F38FA9-512B-45D6-BEB2-6F8D0903CF1F}.Release|x64.Build.0 = Release|Any CPU
		{54535BCA-1854-4F65-BC5E-6075FA07A5CD}.Debug|Any CPU.ActiveCfg = Debug|Any CPU
		{54535BCA-1854-4F65-BC5E-6075FA07A5CD}.Debug|Any CPU.Build.0 = Debug|Any CPU
		{54535BCA-1854-4F65-BC5E-6075FA07A5CD}.Debug|x64.ActiveCfg = Debug|Any CPU
		{54535BCA-1854-4F65-BC5E-6075FA07A5CD}.Debug|x64.Build.0 = Debug|Any CPU
		{54535BCA-1854-4F65-BC5E-6075FA07A5CD}.Release|Any CPU.ActiveCfg = Release|Any CPU
		{54535BCA-1854-4F65-BC5E-6075FA07A5CD}.Release|Any CPU.Build.0 = Release|Any CPU
		{54535BCA-1854-4F65-BC5E-6075FA07A5CD}.Release|x64.ActiveCfg = Release|Any CPU
		{54535BCA-1854-4F65-BC5E-6075FA07A5CD}.Release|x64.Build.0 = Release|Any CPU
		{F6F1431F-1033-4534-B9F9-57606CAF1223}.Debug|Any CPU.ActiveCfg = Debug|Any CPU
		{F6F1431F-1033-4534-B9F9-57606CAF1223}.Debug|Any CPU.Build.0 = Debug|Any CPU
		{F6F1431F-1033-4534-B9F9-57606CAF1223}.Debug|x64.ActiveCfg = Debug|Any CPU
		{F6F1431F-1033-4534-B9F9-57606CAF1223}.Debug|x64.Build.0 = Debug|Any CPU
		{F6F1431F-1033-4534-B9F9-57606CAF1223}.Release|Any CPU.ActiveCfg = Release|Any CPU
		{F6F1431F-1033-4534-B9F9-57606CAF1223}.Release|Any CPU.Build.0 = Release|Any CPU
		{F6F1431F-1033-4534-B9F9-57606CAF1223}.Release|x64.ActiveCfg = Release|Any CPU
		{F6F1431F-1033-4534-B9F9-57606CAF1223}.Release|x64.Build.0 = Release|Any CPU
		{2CC8F366-0FA5-406A-9AA8-C34FE5121CB2}.Debug|Any CPU.ActiveCfg = Debug|Any CPU
		{2CC8F366-0FA5-406A-9AA8-C34FE5121CB2}.Debug|Any CPU.Build.0 = Debug|Any CPU
		{2CC8F366-0FA5-406A-9AA8-C34FE5121CB2}.Debug|x64.ActiveCfg = Debug|Any CPU
		{2CC8F366-0FA5-406A-9AA8-C34FE5121CB2}.Debug|x64.Build.0 = Debug|Any CPU
		{2CC8F366-0FA5-406A-9AA8-C34FE5121CB2}.Release|Any CPU.ActiveCfg = Release|Any CPU
		{2CC8F366-0FA5-406A-9AA8-C34FE5121CB2}.Release|Any CPU.Build.0 = Release|Any CPU
		{2CC8F366-0FA5-406A-9AA8-C34FE5121CB2}.Release|x64.ActiveCfg = Release|Any CPU
		{2CC8F366-0FA5-406A-9AA8-C34FE5121CB2}.Release|x64.Build.0 = Release|Any CPU
		{AD1D93A7-DCB6-4CF4-B547-EA35CFCBF803}.Debug|Any CPU.ActiveCfg = Debug|Any CPU
		{AD1D93A7-DCB6-4CF4-B547-EA35CFCBF803}.Debug|Any CPU.Build.0 = Debug|Any CPU
		{AD1D93A7-DCB6-4CF4-B547-EA35CFCBF803}.Debug|x64.ActiveCfg = Debug|Any CPU
		{AD1D93A7-DCB6-4CF4-B547-EA35CFCBF803}.Debug|x64.Build.0 = Debug|Any CPU
		{AD1D93A7-DCB6-4CF4-B547-EA35CFCBF803}.Release|Any CPU.ActiveCfg = Release|Any CPU
		{AD1D93A7-DCB6-4CF4-B547-EA35CFCBF803}.Release|Any CPU.Build.0 = Release|Any CPU
		{AD1D93A7-DCB6-4CF4-B547-EA35CFCBF803}.Release|x64.ActiveCfg = Release|Any CPU
		{AD1D93A7-DCB6-4CF4-B547-EA35CFCBF803}.Release|x64.Build.0 = Release|Any CPU
		{2DA371C1-0B98-4713-AD3D-99D856089262}.Debug|Any CPU.ActiveCfg = Debug|Any CPU
		{2DA371C1-0B98-4713-AD3D-99D856089262}.Debug|Any CPU.Build.0 = Debug|Any CPU
		{2DA371C1-0B98-4713-AD3D-99D856089262}.Debug|x64.ActiveCfg = Debug|Any CPU
		{2DA371C1-0B98-4713-AD3D-99D856089262}.Debug|x64.Build.0 = Debug|Any CPU
		{2DA371C1-0B98-4713-AD3D-99D856089262}.Release|Any CPU.ActiveCfg = Release|Any CPU
		{2DA371C1-0B98-4713-AD3D-99D856089262}.Release|Any CPU.Build.0 = Release|Any CPU
		{2DA371C1-0B98-4713-AD3D-99D856089262}.Release|x64.ActiveCfg = Release|Any CPU
		{2DA371C1-0B98-4713-AD3D-99D856089262}.Release|x64.Build.0 = Release|Any CPU
	EndGlobalSection
	GlobalSection(SolutionProperties) = preSolution
		HideSolutionNode = FALSE
	EndGlobalSection
	GlobalSection(NestedProjects) = preSolution
		{E2FA3A54-6650-481E-86D4-A706DFE8161F} = {2B06A4D0-B9B7-4848-B127-A157E7094421}
		{D7765026-19F3-48CB-B0EB-525DC6BF5E4A} = {D14D255B-7AAD-45B1-8718-18B4BD38530D}
		{0D56BF3D-C9BA-4267-92AB-8DAA2A0978D7} = {D14D255B-7AAD-45B1-8718-18B4BD38530D}
		{BBE83879-2FF9-4106-8EDE-5EDF801BE37E} = {D14D255B-7AAD-45B1-8718-18B4BD38530D}
		{359DB0FB-CA2E-4A14-9B35-7CDD959AD352} = {D14D255B-7AAD-45B1-8718-18B4BD38530D}
		{EAD05EDF-290F-44D2-A378-125D76AF2727} = {2B06A4D0-B9B7-4848-B127-A157E7094421}
		{18C60EA8-A472-4A26-86DC-9843C8FDB888} = {2B06A4D0-B9B7-4848-B127-A157E7094421}
		{DD91C87F-7335-487F-86B2-7FFB08FC7E88} = {2B06A4D0-B9B7-4848-B127-A157E7094421}
		{219A2318-72A5-4090-A8A2-FA58FE198168} = {40E453E7-1FD0-4C57-A6DF-2365FC75FCC8}
		{59A82572-D29A-42B1-83A3-2BDE08243704} = {D14D255B-7AAD-45B1-8718-18B4BD38530D}
		{67F38FA9-512B-45D6-BEB2-6F8D0903CF1F} = {40E453E7-1FD0-4C57-A6DF-2365FC75FCC8}
		{54535BCA-1854-4F65-BC5E-6075FA07A5CD} = {D14D255B-7AAD-45B1-8718-18B4BD38530D}
		{F6F1431F-1033-4534-B9F9-57606CAF1223} = {D14D255B-7AAD-45B1-8718-18B4BD38530D}
		{2CC8F366-0FA5-406A-9AA8-C34FE5121CB2} = {40E453E7-1FD0-4C57-A6DF-2365FC75FCC8}
		{AD1D93A7-DCB6-4CF4-B547-EA35CFCBF803} = {40E453E7-1FD0-4C57-A6DF-2365FC75FCC8}
		{2DA371C1-0B98-4713-AD3D-99D856089262} = {2B06A4D0-B9B7-4848-B127-A157E7094421}
	EndGlobalSection
	GlobalSection(ExtensibilityGlobals) = postSolution
		SolutionGuid = {007AF9E8-A785-4173-B017-01B7C9E9DDEE}
	EndGlobalSection
EndGlobal
