
Microsoft Visual Studio Solution File, Format Version 12.00
# Visual Studio 15
VisualStudioVersion = 15.0.26430.14
MinimumVisualStudioVersion = 10.0.40219.1
Project("{9A19103F-16F7-4668-BE54-9A1E7A4F7556}") = "HS.Common", "HS.Common\HS.Common.csproj", "{1A88D11A-2F8B-474C-9FB8-E35F635AFE83}"
EndProject
Project("{9A19103F-16F7-4668-BE54-9A1E7A4F7556}") = "HS.HomeServer", "HS.HomeServer\HS.HomeServer.csproj", "{FFD3304E-2C1C-46DB-87A4-16501072D3F0}"
EndProject
Project("{9A19103F-16F7-4668-BE54-9A1E7A4F7556}") = "HS.MSSQLRepository", "HS.MSSQLRepository\HS.MSSQLRepository.csproj", "{6411B4A8-0BAF-4E30-AB2E-362F25F722A1}"
EndProject
Project("{9A19103F-16F7-4668-BE54-9A1E7A4F7556}") = "HS.MSSQLRepository.Tests", "HS.MSSQLRepository.Tests\HS.MSSQLRepository.Tests.csproj", "{425324A4-0A4E-42DD-9E46-02864C6FA280}"
EndProject
Project("{9A19103F-16F7-4668-BE54-9A1E7A4F7556}") = "HS.QueueClient", "HS.QueueClient\HS.QueueClient.csproj", "{AC733B26-98EC-4DA6-9CE1-F35E02961A6E}"
EndProject
Project("{9A19103F-16F7-4668-BE54-9A1E7A4F7556}") = "IPROJ.Core", "IPROJ.Contracts\IPROJ.Core.csproj", "{FFC35BCF-A958-4424-8D52-55E67FDFD045}"
EndProject
Project("{9A19103F-16F7-4668-BE54-9A1E7A4F7556}") = "CB.Common", "CB.Common\CB.Common.csproj", "{81C45C99-10B4-4559-B702-D8DFD109056B}"
EndProject
Project("{9A19103F-16F7-4668-BE54-9A1E7A4F7556}") = "CB.DataHandling", "CB.DataHandler\CB.DataHandling.csproj", "{2545AB48-D859-408E-9724-6A3E1DA200F0}"
EndProject
Project("{9A19103F-16F7-4668-BE54-9A1E7A4F7556}") = "CB.QueueManaging", "CB.QueueManaging\CB.QueueManaging.csproj", "{5D321E7F-87AD-4D5D-BE9D-25BBC2208F07}"
EndProject
Project("{9A19103F-16F7-4668-BE54-9A1E7A4F7556}") = "CB.Runner", "CB.Runner\CB.Runner.csproj", "{9C23F211-2FFF-4E8A-9F95-7C5782DE28FA}"
EndProject
Project("{9A19103F-16F7-4668-BE54-9A1E7A4F7556}") = "CB.TcpCommunication", "CB.TcpCommunication\CB.TcpCommunication.csproj", "{72C4684D-79DF-48AB-9A91-932E19970598}"
EndProject
Project("{9A19103F-16F7-4668-BE54-9A1E7A4F7556}") = "CB.WebApi", "CB.WebApi\CB.WebApi.csproj", "{33128A64-2917-4B06-8151-0D13DA927E5A}"
EndProject
Global
	GlobalSection(SolutionConfigurationPlatforms) = preSolution
		Debug|Any CPU = Debug|Any CPU
		Debug|x64 = Debug|x64
		Release|Any CPU = Release|Any CPU
		Release|x64 = Release|x64
	EndGlobalSection
	GlobalSection(ProjectConfigurationPlatforms) = postSolution
		{1A88D11A-2F8B-474C-9FB8-E35F635AFE83}.Debug|Any CPU.ActiveCfg = Debug|Any CPU
		{1A88D11A-2F8B-474C-9FB8-E35F635AFE83}.Debug|Any CPU.Build.0 = Debug|Any CPU
		{1A88D11A-2F8B-474C-9FB8-E35F635AFE83}.Debug|x64.ActiveCfg = Debug|x64
		{1A88D11A-2F8B-474C-9FB8-E35F635AFE83}.Debug|x64.Build.0 = Debug|x64
		{1A88D11A-2F8B-474C-9FB8-E35F635AFE83}.Release|Any CPU.ActiveCfg = Release|Any CPU
		{1A88D11A-2F8B-474C-9FB8-E35F635AFE83}.Release|Any CPU.Build.0 = Release|Any CPU
		{1A88D11A-2F8B-474C-9FB8-E35F635AFE83}.Release|x64.ActiveCfg = Release|x64
		{1A88D11A-2F8B-474C-9FB8-E35F635AFE83}.Release|x64.Build.0 = Release|x64
		{FFD3304E-2C1C-46DB-87A4-16501072D3F0}.Debug|Any CPU.ActiveCfg = Debug|Any CPU
		{FFD3304E-2C1C-46DB-87A4-16501072D3F0}.Debug|Any CPU.Build.0 = Debug|Any CPU
		{FFD3304E-2C1C-46DB-87A4-16501072D3F0}.Debug|x64.ActiveCfg = Debug|x64
		{FFD3304E-2C1C-46DB-87A4-16501072D3F0}.Debug|x64.Build.0 = Debug|x64
		{FFD3304E-2C1C-46DB-87A4-16501072D3F0}.Release|Any CPU.ActiveCfg = Release|Any CPU
		{FFD3304E-2C1C-46DB-87A4-16501072D3F0}.Release|Any CPU.Build.0 = Release|Any CPU
		{FFD3304E-2C1C-46DB-87A4-16501072D3F0}.Release|x64.ActiveCfg = Release|x64
		{FFD3304E-2C1C-46DB-87A4-16501072D3F0}.Release|x64.Build.0 = Release|x64
		{6411B4A8-0BAF-4E30-AB2E-362F25F722A1}.Debug|Any CPU.ActiveCfg = Debug|Any CPU
		{6411B4A8-0BAF-4E30-AB2E-362F25F722A1}.Debug|Any CPU.Build.0 = Debug|Any CPU
		{6411B4A8-0BAF-4E30-AB2E-362F25F722A1}.Debug|x64.ActiveCfg = Debug|x64
		{6411B4A8-0BAF-4E30-AB2E-362F25F722A1}.Debug|x64.Build.0 = Debug|x64
		{6411B4A8-0BAF-4E30-AB2E-362F25F722A1}.Release|Any CPU.ActiveCfg = Release|Any CPU
		{6411B4A8-0BAF-4E30-AB2E-362F25F722A1}.Release|Any CPU.Build.0 = Release|Any CPU
		{6411B4A8-0BAF-4E30-AB2E-362F25F722A1}.Release|x64.ActiveCfg = Release|x64
		{6411B4A8-0BAF-4E30-AB2E-362F25F722A1}.Release|x64.Build.0 = Release|x64
		{425324A4-0A4E-42DD-9E46-02864C6FA280}.Debug|Any CPU.ActiveCfg = Debug|Any CPU
		{425324A4-0A4E-42DD-9E46-02864C6FA280}.Debug|Any CPU.Build.0 = Debug|Any CPU
		{425324A4-0A4E-42DD-9E46-02864C6FA280}.Debug|x64.ActiveCfg = Debug|x64
		{425324A4-0A4E-42DD-9E46-02864C6FA280}.Debug|x64.Build.0 = Debug|x64
		{425324A4-0A4E-42DD-9E46-02864C6FA280}.Release|Any CPU.ActiveCfg = Release|Any CPU
		{425324A4-0A4E-42DD-9E46-02864C6FA280}.Release|Any CPU.Build.0 = Release|Any CPU
		{425324A4-0A4E-42DD-9E46-02864C6FA280}.Release|x64.ActiveCfg = Release|x64
		{425324A4-0A4E-42DD-9E46-02864C6FA280}.Release|x64.Build.0 = Release|x64
		{AC733B26-98EC-4DA6-9CE1-F35E02961A6E}.Debug|Any CPU.ActiveCfg = Debug|Any CPU
		{AC733B26-98EC-4DA6-9CE1-F35E02961A6E}.Debug|Any CPU.Build.0 = Debug|Any CPU
		{AC733B26-98EC-4DA6-9CE1-F35E02961A6E}.Debug|x64.ActiveCfg = Debug|x64
		{AC733B26-98EC-4DA6-9CE1-F35E02961A6E}.Debug|x64.Build.0 = Debug|x64
		{AC733B26-98EC-4DA6-9CE1-F35E02961A6E}.Release|Any CPU.ActiveCfg = Release|Any CPU
		{AC733B26-98EC-4DA6-9CE1-F35E02961A6E}.Release|Any CPU.Build.0 = Release|Any CPU
		{AC733B26-98EC-4DA6-9CE1-F35E02961A6E}.Release|x64.ActiveCfg = Release|x64
		{AC733B26-98EC-4DA6-9CE1-F35E02961A6E}.Release|x64.Build.0 = Release|x64
		{FFC35BCF-A958-4424-8D52-55E67FDFD045}.Debug|Any CPU.ActiveCfg = Debug|Any CPU
		{FFC35BCF-A958-4424-8D52-55E67FDFD045}.Debug|Any CPU.Build.0 = Debug|Any CPU
		{FFC35BCF-A958-4424-8D52-55E67FDFD045}.Debug|x64.ActiveCfg = Debug|Any CPU
		{FFC35BCF-A958-4424-8D52-55E67FDFD045}.Debug|x64.Build.0 = Debug|Any CPU
		{FFC35BCF-A958-4424-8D52-55E67FDFD045}.Release|Any CPU.ActiveCfg = Release|Any CPU
		{FFC35BCF-A958-4424-8D52-55E67FDFD045}.Release|Any CPU.Build.0 = Release|Any CPU
		{FFC35BCF-A958-4424-8D52-55E67FDFD045}.Release|x64.ActiveCfg = Release|Any CPU
		{FFC35BCF-A958-4424-8D52-55E67FDFD045}.Release|x64.Build.0 = Release|Any CPU
		{81C45C99-10B4-4559-B702-D8DFD109056B}.Debug|Any CPU.ActiveCfg = Debug|Any CPU
		{81C45C99-10B4-4559-B702-D8DFD109056B}.Debug|Any CPU.Build.0 = Debug|Any CPU
		{81C45C99-10B4-4559-B702-D8DFD109056B}.Debug|x64.ActiveCfg = Debug|Any CPU
		{81C45C99-10B4-4559-B702-D8DFD109056B}.Debug|x64.Build.0 = Debug|Any CPU
		{81C45C99-10B4-4559-B702-D8DFD109056B}.Release|Any CPU.ActiveCfg = Release|Any CPU
		{81C45C99-10B4-4559-B702-D8DFD109056B}.Release|Any CPU.Build.0 = Release|Any CPU
		{81C45C99-10B4-4559-B702-D8DFD109056B}.Release|x64.ActiveCfg = Release|Any CPU
		{81C45C99-10B4-4559-B702-D8DFD109056B}.Release|x64.Build.0 = Release|Any CPU
		{2545AB48-D859-408E-9724-6A3E1DA200F0}.Debug|Any CPU.ActiveCfg = Debug|Any CPU
		{2545AB48-D859-408E-9724-6A3E1DA200F0}.Debug|Any CPU.Build.0 = Debug|Any CPU
		{2545AB48-D859-408E-9724-6A3E1DA200F0}.Debug|x64.ActiveCfg = Debug|Any CPU
		{2545AB48-D859-408E-9724-6A3E1DA200F0}.Debug|x64.Build.0 = Debug|Any CPU
		{2545AB48-D859-408E-9724-6A3E1DA200F0}.Release|Any CPU.ActiveCfg = Release|Any CPU
		{2545AB48-D859-408E-9724-6A3E1DA200F0}.Release|Any CPU.Build.0 = Release|Any CPU
		{2545AB48-D859-408E-9724-6A3E1DA200F0}.Release|x64.ActiveCfg = Release|Any CPU
		{2545AB48-D859-408E-9724-6A3E1DA200F0}.Release|x64.Build.0 = Release|Any CPU
		{5D321E7F-87AD-4D5D-BE9D-25BBC2208F07}.Debug|Any CPU.ActiveCfg = Debug|Any CPU
		{5D321E7F-87AD-4D5D-BE9D-25BBC2208F07}.Debug|Any CPU.Build.0 = Debug|Any CPU
		{5D321E7F-87AD-4D5D-BE9D-25BBC2208F07}.Debug|x64.ActiveCfg = Debug|Any CPU
		{5D321E7F-87AD-4D5D-BE9D-25BBC2208F07}.Debug|x64.Build.0 = Debug|Any CPU
		{5D321E7F-87AD-4D5D-BE9D-25BBC2208F07}.Release|Any CPU.ActiveCfg = Release|Any CPU
		{5D321E7F-87AD-4D5D-BE9D-25BBC2208F07}.Release|Any CPU.Build.0 = Release|Any CPU
		{5D321E7F-87AD-4D5D-BE9D-25BBC2208F07}.Release|x64.ActiveCfg = Release|Any CPU
		{5D321E7F-87AD-4D5D-BE9D-25BBC2208F07}.Release|x64.Build.0 = Release|Any CPU
		{9C23F211-2FFF-4E8A-9F95-7C5782DE28FA}.Debug|Any CPU.ActiveCfg = Debug|Any CPU
		{9C23F211-2FFF-4E8A-9F95-7C5782DE28FA}.Debug|Any CPU.Build.0 = Debug|Any CPU
		{9C23F211-2FFF-4E8A-9F95-7C5782DE28FA}.Debug|x64.ActiveCfg = Debug|Any CPU
		{9C23F211-2FFF-4E8A-9F95-7C5782DE28FA}.Debug|x64.Build.0 = Debug|Any CPU
		{9C23F211-2FFF-4E8A-9F95-7C5782DE28FA}.Release|Any CPU.ActiveCfg = Release|Any CPU
		{9C23F211-2FFF-4E8A-9F95-7C5782DE28FA}.Release|Any CPU.Build.0 = Release|Any CPU
		{9C23F211-2FFF-4E8A-9F95-7C5782DE28FA}.Release|x64.ActiveCfg = Release|Any CPU
		{9C23F211-2FFF-4E8A-9F95-7C5782DE28FA}.Release|x64.Build.0 = Release|Any CPU
		{72C4684D-79DF-48AB-9A91-932E19970598}.Debug|Any CPU.ActiveCfg = Debug|Any CPU
		{72C4684D-79DF-48AB-9A91-932E19970598}.Debug|Any CPU.Build.0 = Debug|Any CPU
		{72C4684D-79DF-48AB-9A91-932E19970598}.Debug|x64.ActiveCfg = Debug|Any CPU
		{72C4684D-79DF-48AB-9A91-932E19970598}.Debug|x64.Build.0 = Debug|Any CPU
		{72C4684D-79DF-48AB-9A91-932E19970598}.Release|Any CPU.ActiveCfg = Release|Any CPU
		{72C4684D-79DF-48AB-9A91-932E19970598}.Release|Any CPU.Build.0 = Release|Any CPU
		{72C4684D-79DF-48AB-9A91-932E19970598}.Release|x64.ActiveCfg = Release|Any CPU
		{72C4684D-79DF-48AB-9A91-932E19970598}.Release|x64.Build.0 = Release|Any CPU
		{33128A64-2917-4B06-8151-0D13DA927E5A}.Debug|Any CPU.ActiveCfg = Debug|Any CPU
		{33128A64-2917-4B06-8151-0D13DA927E5A}.Debug|Any CPU.Build.0 = Debug|Any CPU
		{33128A64-2917-4B06-8151-0D13DA927E5A}.Debug|x64.ActiveCfg = Debug|Any CPU
		{33128A64-2917-4B06-8151-0D13DA927E5A}.Debug|x64.Build.0 = Debug|Any CPU
		{33128A64-2917-4B06-8151-0D13DA927E5A}.Release|Any CPU.ActiveCfg = Release|Any CPU
		{33128A64-2917-4B06-8151-0D13DA927E5A}.Release|Any CPU.Build.0 = Release|Any CPU
		{33128A64-2917-4B06-8151-0D13DA927E5A}.Release|x64.ActiveCfg = Release|Any CPU
		{33128A64-2917-4B06-8151-0D13DA927E5A}.Release|x64.Build.0 = Release|Any CPU
	EndGlobalSection
	GlobalSection(SolutionProperties) = preSolution
		HideSolutionNode = FALSE
	EndGlobalSection
EndGlobal
